// !$*UTF8*$!
{
	archiveVersion = 1;
	classes = {
	};
	objectVersion = 46;
	objects = {

/* Begin PBXBuildFile section */
		3F289CC21D0EF6F90041B585 /* main.m in Sources */ = {isa = PBXBuildFile; fileRef = 3F289CC11D0EF6F90041B585 /* main.m */; };
		3F289CC51D0EF6F90041B585 /* AppDelegate.m in Sources */ = {isa = PBXBuildFile; fileRef = 3F289CC41D0EF6F90041B585 /* AppDelegate.m */; };
		3F289CC81D0EF6F90041B585 /* ViewController.m in Sources */ = {isa = PBXBuildFile; fileRef = 3F289CC71D0EF6F90041B585 /* ViewController.m */; };
		3F289CCB1D0EF6F90041B585 /* Main.storyboard in Resources */ = {isa = PBXBuildFile; fileRef = 3F289CC91D0EF6F90041B585 /* Main.storyboard */; };
		3F289CCD1D0EF6F90041B585 /* Assets.xcassets in Resources */ = {isa = PBXBuildFile; fileRef = 3F289CCC1D0EF6F90041B585 /* Assets.xcassets */; };
		3F289CD01D0EF6F90041B585 /* LaunchScreen.storyboard in Resources */ = {isa = PBXBuildFile; fileRef = 3F289CCE1D0EF6F90041B585 /* LaunchScreen.storyboard */; };
/* End PBXBuildFile section */

/* Begin PBXFileReference section */
		3F289CBD1D0EF6F90041B585 /* TestProject.app */ = {isa = PBXFileReference; explicitFileType = wrapper.application; includeInIndex = 0; path = TestProject.app; sourceTree = BUILT_PRODUCTS_DIR; };
		3F289CC11D0EF6F90041B585 /* main.m */ = {isa = PBXFileReference; lastKnownFileType = sourcecode.c.objc; path = main.m; sourceTree = "<group>"; };
		3F289CC31D0EF6F90041B585 /* AppDelegate.h */ = {isa = PBXFileReference; lastKnownFileType = sourcecode.c.h; path = AppDelegate.h; sourceTree = "<group>"; };
		3F289CC41D0EF6F90041B585 /* AppDelegate.m */ = {isa = PBXFileReference; lastKnownFileType = sourcecode.c.objc; path = AppDelegate.m; sourceTree = "<group>"; };
		3F289CC61D0EF6F90041B585 /* ViewController.h */ = {isa = PBXFileReference; lastKnownFileType = sourcecode.c.h; path = ViewController.h; sourceTree = "<group>"; };
		3F289CC71D0EF6F90041B585 /* ViewController.m */ = {isa = PBXFileReference; lastKnownFileType = sourcecode.c.objc; path = ViewController.m; sourceTree = "<group>"; };
		3F289CCA1D0EF6F90041B585 /* Base */ = {isa = PBXFileReference; lastKnownFileType = file.storyboard; name = Base; path = Base.lproj/Main.storyboard; sourceTree = "<group>"; };
		3F289CCC1D0EF6F90041B585 /* Assets.xcassets */ = {isa = PBXFileReference; lastKnownFileType = folder.assetcatalog; path = Assets.xcassets; sourceTree = "<group>"; };
		3F289CCF1D0EF6F90041B585 /* Base */ = {isa = PBXFileReference; lastKnownFileType = file.storyboard; name = Base; path = Base.lproj/LaunchScreen.storyboard; sourceTree = "<group>"; };
		3F289CD11D0EF6F90041B585 /* Info.plist */ = {isa = PBXFileReference; lastKnownFileType = text.plist.xml; path = Info.plist; sourceTree = "<group>"; };
/* End PBXFileReference section */

/* Begin PBXFrameworksBuildPhase section */
		3F289CBA1D0EF6F90041B585 /* Frameworks */ = {
			isa = PBXFrameworksBuildPhase;
			buildActionMask = 2147483647;
			files = (
			);
			runOnlyForDeploymentPostprocessing = 0;
		};
/* End PBXFrameworksBuildPhase section */

/* Begin PBXGroup section */
		3F289CB41D0EF6F90041B585 = {
			isa = PBXGroup;
			children = (
				3F289CBF1D0EF6F90041B585 /* TestProject */,
				3F289CBE1D0EF6F90041B585 /* Products */,
			);
			sourceTree = "<group>";
		};
		3F289CBE1D0EF6F90041B585 /* Products */ = {
			isa = PBXGroup;
			children = (
				3F289CBD1D0EF6F90041B585 /* TestProject.app */,
			);
			name = Products;
			sourceTree = "<group>";
		};
		3F289CBF1D0EF6F90041B585 /* TestProject */ = {
			isa = PBXGroup;
			children = (
				3F289CC31D0EF6F90041B585 /* AppDelegate.h */,
				3F289CC41D0EF6F90041B585 /* AppDelegate.m */,
				3F289CC61D0EF6F90041B585 /* ViewController.h */,
				3F289CC71D0EF6F90041B585 /* ViewController.m */,
				3F289CC91D0EF6F90041B585 /* Main.storyboard */,
				3F289CCC1D0EF6F90041B585 /* Assets.xcassets */,
				3F289CCE1D0EF6F90041B585 /* LaunchScreen.storyboard */,
				3F289CD11D0EF6F90041B585 /* Info.plist */,
				3F289CC01D0EF6F90041B585 /* Supporting Files */,
			);
			path = TestProject;
			sourceTree = "<group>";
		};
		3F289CC01D0EF6F90041B585 /* Supporting Files */ = {
			isa = PBXGroup;
			children = (
				3F289CC11D0EF6F90041B585 /* main.m */,
			);
			name = "Supporting Files";
			sourceTree = "<group>";
		};
/* End PBXGroup section */

/* Begin PBXNativeTarget section */
		3F289CBC1D0EF6F90041B585 /* TestProject */ = {
			isa = PBXNativeTarget;
			buildConfigurationList = 3F289CD41D0EF6F90041B585 /* Build configuration list for PBXNativeTarget "TestProject" */;
			buildPhases = (
				3F289CB91D0EF6F90041B585 /* Sources */,
				3F289CBA1D0EF6F90041B585 /* Frameworks */,
				3F289CBB1D0EF6F90041B585 /* Resources */,
			);
			buildRules = (
			);
			dependencies = (
			);
			name = TestProject;
			productName = TestProject;
			productReference = 3F289CBD1D0EF6F90041B585 /* TestProject.app */;
			productType = "com.apple.product-type.application";
		};
/* End PBXNativeTarget section */

/* Begin PBXProject section */
		3F289CB51D0EF6F90041B585 /* Project object */ = {
			isa = PBXProject;
			attributes = {
				LastUpgradeCheck = 0720;
				ORGANIZATIONNAME = Student;
				TargetAttributes = {
					3F289CBC1D0EF6F90041B585 = {
						CreatedOnToolsVersion = 7.2.1;
					};
				};
			};
			buildConfigurationList = 3F289CB81D0EF6F90041B585 /* Build configuration list for PBXProject "TestProject" */;
			compatibilityVersion = "Xcode 3.2";
			developmentRegion = English;
			hasScannedForEncodings = 0;
			knownRegions = (
				en,
				Base,
			);
			mainGroup = 3F289CB41D0EF6F90041B585;
			productRefGroup = 3F289CBE1D0EF6F90041B585 /* Products */;
			projectDirPath = "";
			projectRoot = "";
			targets = (
				3F289CBC1D0EF6F90041B585 /* TestProject */,
			);
		};
/* End PBXProject section */

/* Begin PBXResourcesBuildPhase section */
		3F289CBB1D0EF6F90041B585 /* Resources */ = {
			isa = PBXResourcesBuildPhase;
			buildActionMask = 2147483647;
			files = (
				3F289CD01D0EF6F90041B585 /* LaunchScreen.storyboard in Resources */,
				3F289CCD1D0EF6F90041B585 /* Assets.xcassets in Resources */,
				3F289CCB1D0EF6F90041B585 /* Main.storyboard in Resources */,
			);
			runOnlyForDeploymentPostprocessing = 0;
		};
/* End PBXResourcesBuildPhase section */

/* Begin PBXSourcesBuildPhase section */
		3F289CB91D0EF6F90041B585 /* Sources */ = {
			isa = PBXSourcesBuildPhase;
			buildActionMask = 2147483647;
			files = (
				3F289CC81D0EF6F90041B585 /* ViewController.m in Sources */,
				3F289CC51D0EF6F90041B585 /* AppDelegate.m in Sources */,
				3F289CC21D0EF6F90041B585 /* main.m in Sources */,
			);
			runOnlyForDeploymentPostprocessing = 0;
		};
/* End PBXSourcesBuildPhase section */

/* Begin PBXVariantGroup section */
		3F289CC91D0EF6F90041B585 /* Main.storyboard */ = {
			isa = PBXVariantGroup;
			children = (
				3F289CCA1D0EF6F90041B585 /* Base */,
			);
			name = Main.storyboard;
			sourceTree = "<group>";
		};
		3F289CCE1D0EF6F90041B585 /* LaunchScreen.storyboard */ = {
			isa = PBXVariantGroup;
			children = (
				3F289CCF1D0EF6F90041B585 /* Base */,
			);
			name = LaunchScreen.storyboard;
			sourceTree = "<group>";
		};
/* End PBXVariantGroup section */

/* Begin XCBuildConfiguration section */
		3F289CD21D0EF6F90041B585 /* Debug */ = {
			isa = XCBuildConfiguration;
			buildSettings = {
				ALWAYS_SEARCH_USER_PATHS = NO;
				CLANG_CXX_LANGUAGE_STANDARD = "gnu++0x";
				CLANG_CXX_LIBRARY = "libc++";
				CLANG_ENABLE_MODULES = YES;
				CLANG_ENABLE_OBJC_ARC = YES;
				CLANG_WARN_BOOL_CONVERSION = YES;
				CLANG_WARN_CONSTANT_CONVERSION = YES;
				CLANG_WARN_DIRECT_OBJC_ISA_USAGE = YES_ERROR;
				CLANG_WARN_EMPTY_BODY = YES;
				CLANG_WARN_ENUM_CONVERSION = YES;
				CLANG_WARN_INT_CONVERSION = YES;
				CLANG_WARN_OBJC_ROOT_CLASS = YES_ERROR;
				CLANG_WARN_UNREACHABLE_CODE = YES;
				CLANG_WARN__DUPLICATE_METHOD_MATCH = YES;
				"CODE_SIGN_IDENTITY[sdk=iphoneos*]" = "iPhone Developer";
				COPY_PHASE_STRIP = NO;
				DEBUG_INFORMATION_FORMAT = dwarf;
				ENABLE_STRICT_OBJC_MSGSEND = YES;
				ENABLE_TESTABILITY = YES;
				GCC_C_LANGUAGE_STANDARD = gnu99;
				GCC_DYNAMIC_NO_PIC = NO;
				GCC_NO_COMMON_BLOCKS = YES;
				GCC_OPTIMIZATION_LEVEL = 0;
				GCC_PREPROCESSOR_DEFINITIONS = (
					"DEBUG=1",
					"$(inherited)",
				);
				GCC_WARN_64_TO_32_BIT_CONVERSION = YES;
				GCC_WARN_ABOUT_RETURN_TYPE = YES_ERROR;
				GCC_WARN_UNDECLARED_SELECTOR = YES;
				GCC_WARN_UNINITIALIZED_AUTOS = YES_AGGRESSIVE;
				GCC_WARN_UNUSED_FUNCTION = YES;
				GCC_WARN_UNUSED_VARIABLE = YES;
				IPHONEOS_DEPLOYMENT_TARGET = 9.2;
				MTL_ENABLE_DEBUG_INFO = YES;
				ONLY_ACTIVE_ARCH = YES;
				SDKROOT = iphoneos;
				TARGETED_DEVICE_FAMILY = "1,2";
			};
			name = Debug;
		};
		3F289CD31D0EF6F90041B585 /* Release */ = {
			isa = XCBuildConfiguration;
			buildSettings = {
				ALWAYS_SEARCH_USER_PATHS = NO;
				CLANG_CXX_LANGUAGE_STANDARD = "gnu++0x";
				CLANG_CXX_LIBRARY = "libc++";
				CLANG_ENABLE_MODULES = YES;
				CLANG_ENABLE_OBJC_ARC = YES;
				CLANG_WARN_BOOL_CONVERSION = YES;
				CLANG_WARN_CONSTANT_CONVERSION = YES;
				CLANG_WARN_DIRECT_OBJC_ISA_USAGE = YES_ERROR;
				CLANG_WARN_EMPTY_BODY = YES;
				CLANG_WARN_ENUM_CONVERSION = YES;
				CLANG_WARN_INT_CONVERSION = YES;
				CLANG_WARN_OBJC_ROOT_CLASS = YES_ERROR;
				CLANG_WARN_UNREACHABLE_CODE = YES;
				CLANG_WARN__DUPLICATE_METHOD_MATCH = YES;
				"CODE_SIGN_IDENTITY[sdk=iphoneos*]" = "iPhone Developer";
				COPY_PHASE_STRIP = NO;
				DEBUG_INFORMATION_FORMAT = "dwarf-with-dsym";
				ENABLE_NS_ASSERTIONS = NO;
				ENABLE_STRICT_OBJC_MSGSEND = YES;
				GCC_C_LANGUAGE_STANDARD = gnu99;
				GCC_NO_COMMON_BLOCKS = YES;
				GCC_WARN_64_TO_32_BIT_CONVERSION = YES;
				GCC_WARN_ABOUT_RETURN_TYPE = YES_ERROR;
				GCC_WARN_UNDECLARED_SELECTOR = YES;
				GCC_WARN_UNINITIALIZED_AUTOS = YES_AGGRESSIVE;
				GCC_WARN_UNUSED_FUNCTION = YES;
				GCC_WARN_UNUSED_VARIABLE = YES;
				IPHONEOS_DEPLOYMENT_TARGET = 9.2;
				MTL_ENABLE_DEBUG_INFO = NO;
				SDKROOT = iphoneos;
				TARGETED_DEVICE_FAMILY = "1,2";
				VALIDATE_PRODUCT = YES;
			};
			name = Release;
		};
		3F289CD51D0EF6F90041B585 /* Debug */ = {
			isa = XCBuildConfiguration;
			buildSettings = {
				ASSETCATALOG_COMPILER_APPICON_NAME = AppIcon;
				INFOPLIST_FILE = TestProject/Info.plist;
				LD_RUNPATH_SEARCH_PATHS = "$(inherited) @executable_path/Frameworks";
				PRODUCT_BUNDLE_IDENTIFIER = First.TestProject;
				PRODUCT_NAME = "$(TARGET_NAME)";
			};
			name = Debug;
		};
		3F289CD61D0EF6F90041B585 /* Release */ = {
			isa = XCBuildConfiguration;
			buildSettings = {
				ASSETCATALOG_COMPILER_APPICON_NAME = AppIcon;
				INFOPLIST_FILE = TestProject/Info.plist;
				LD_RUNPATH_SEARCH_PATHS = "$(inherited) @executable_path/Frameworks";
				PRODUCT_BUNDLE_IDENTIFIER = First.TestProject;
				PRODUCT_NAME = "$(TARGET_NAME)";
			};
			name = Release;
		};
/* End XCBuildConfiguration section */

/* Begin XCConfigurationList section */
		3F289CB81D0EF6F90041B585 /* Build configuration list for PBXProject "TestProject" */ = {
			isa = XCConfigurationList;
			buildConfigurations = (
				3F289CD21D0EF6F90041B585 /* Debug */,
				3F289CD31D0EF6F90041B585 /* Release */,
			);
			defaultConfigurationIsVisible = 0;
			defaultConfigurationName = Release;
		};
		3F289CD41D0EF6F90041B585 /* Build configuration list for PBXNativeTarget "TestProject" */ = {
			isa = XCConfigurationList;
			buildConfigurations = (
				3F289CD51D0EF6F90041B585 /* Debug */,
				3F289CD61D0EF6F90041B585 /* Release */,
			);
			defaultConfigurationIsVisible = 0;
		};
/* End XCConfigurationList section */
	};
	rootObject = 3F289CB51D0EF6F90041B585 /* Project object */;
}
